
Microsoft Visual Studio Solution File, Format Version 12.00
# Visual Studio 15
VisualStudioVersion = 15.0.28307.421
MinimumVisualStudioVersion = 10.0.40219.1
Project("{FAE04EC0-301F-11D3-BF4B-00C04F79EFBC}") = "Bolillero", "Bolillero\Bolillero.csproj", "{1E6292D0-C0E9-4768-A90A-A6E56B48C8A9}"
EndProject
Project("{FAE04EC0-301F-11D3-BF4B-00C04F79EFBC}") = "UnitTestProject1", "UnitTestProject1\UnitTestProject1.csproj", "{DF73D920-0107-444D-A959-8C79E28F1BD8}"
EndProject
Global
	GlobalSection(SolutionConfigurationPlatforms) = preSolution
		Debug|Any CPU = Debug|Any CPU
		Release|Any CPU = Release|Any CPU
	EndGlobalSection
	GlobalSection(ProjectConfigurationPlatforms) = postSolution
		{1E6292D0-C0E9-4768-A90A-A6E56B48C8A9}.Debug|Any CPU.ActiveCfg = Debug|Any CPU
		{1E6292D0-C0E9-4768-A90A-A6E56B48C8A9}.Debug|Any CPU.Build.0 = Debug|Any CPU
		{1E6292D0-C0E9-4768-A90A-A6E56B48C8A9}.Release|Any CPU.ActiveCfg = Release|Any CPU
		{1E6292D0-C0E9-4768-A90A-A6E56B48C8A9}.Release|Any CPU.Build.0 = Release|Any CPU
		{DF73D920-0107-444D-A959-8C79E28F1BD8}.Debug|Any CPU.ActiveCfg = Debug|Any CPU
		{DF73D920-0107-444D-A959-8C79E28F1BD8}.Debug|Any CPU.Build.0 = Debug|Any CPU
		{DF73D920-0107-444D-A959-8C79E28F1BD8}.Release|Any CPU.ActiveCfg = Release|Any CPU
		{DF73D920-0107-444D-A959-8C79E28F1BD8}.Release|Any CPU.Build.0 = Release|Any CPU
	EndGlobalSection
	GlobalSection(SolutionProperties) = preSolution
		HideSolutionNode = FALSE
	EndGlobalSection
	GlobalSection(ExtensibilityGlobals) = postSolution
		SolutionGuid = {3EDF82A0-15BB-42C2-A6C7-407E72F97CB5}
	EndGlobalSection
EndGlobal
